
Microsoft Visual Studio Solution File, Format Version 12.00
# Visual Studio Version 17
VisualStudioVersion = 17.5.33516.290
MinimumVisualStudioVersion = 10.0.40219.1
Project("{8BC9CEB8-8B4A-11D0-8D11-00A0C91BC942}") = "Sea-Battle", "Sea-Battle\Sea-Battle.vcxproj", "{854B9614-0CFB-4AA5-BCDB-3388E089858D}"
EndProject
Global
	GlobalSection(SolutionConfigurationPlatforms) = preSolution
		Debug|x64 = Debug|x64
		Debug|x86 = Debug|x86
		Release|x64 = Release|x64
		Release|x86 = Release|x86
	EndGlobalSection
	GlobalSection(ProjectConfigurationPlatforms) = postSolution
		{854B9614-0CFB-4AA5-BCDB-3388E089858D}.Debug|x64.ActiveCfg = Debug|x64
		{854B9614-0CFB-4AA5-BCDB-3388E089858D}.Debug|x64.Build.0 = Debug|x64
		{854B9614-0CFB-4AA5-BCDB-3388E089858D}.Debug|x86.ActiveCfg = Debug|Win32
		{854B9614-0CFB-4AA5-BCDB-3388E089858D}.Debug|x86.Build.0 = Debug|Win32
		{854B9614-0CFB-4AA5-BCDB-3388E089858D}.Release|x64.ActiveCfg = Release|x64
		{854B9614-0CFB-4AA5-BCDB-3388E089858D}.Release|x64.Build.0 = Release|x64
		{854B9614-0CFB-4AA5-BCDB-3388E089858D}.Release|x86.ActiveCfg = Release|Win32
		{854B9614-0CFB-4AA5-BCDB-3388E089858D}.Release|x86.Build.0 = Release|Win32
	EndGlobalSection
	GlobalSection(SolutionProperties) = preSolution
		HideSolutionNode = FALSE
	EndGlobalSection
	GlobalSection(ExtensibilityGlobals) = postSolution
		SolutionGuid = {962A3D94-70F5-4B8C-8E08-E24BDE66911F}
	EndGlobalSection
EndGlobal
